
Microsoft Visual Studio Solution File, Format Version 12.00
# Visual Studio Version 16
VisualStudioVersion = 16.0.30517.126
MinimumVisualStudioVersion = 10.0.40219.1
Project("{FAE04EC0-301F-11D3-BF4B-00C04F79EFBC}") = "wpfContinue", "wpfContinue\wpfContinue.csproj", "{A5EE9E3F-336D-4AFB-8481-BEDDBF423712}"
EndProject
Global
	GlobalSection(SolutionConfigurationPlatforms) = preSolution
		Debug|Any CPU = Debug|Any CPU
		Release|Any CPU = Release|Any CPU
	EndGlobalSection
	GlobalSection(ProjectConfigurationPlatforms) = postSolution
		{A5EE9E3F-336D-4AFB-8481-BEDDBF423712}.Debug|Any CPU.ActiveCfg = Debug|Any CPU
		{A5EE9E3F-336D-4AFB-8481-BEDDBF423712}.Debug|Any CPU.Build.0 = Debug|Any CPU
		{A5EE9E3F-336D-4AFB-8481-BEDDBF423712}.Release|Any CPU.ActiveCfg = Release|Any CPU
		{A5EE9E3F-336D-4AFB-8481-BEDDBF423712}.Release|Any CPU.Build.0 = Release|Any CPU
	EndGlobalSection
	GlobalSection(SolutionProperties) = preSolution
		HideSolutionNode = FALSE
	EndGlobalSection
	GlobalSection(ExtensibilityGlobals) = postSolution
		SolutionGuid = {967C84BA-C248-40D9-AC13-8B6554BF551F}
	EndGlobalSection
EndGlobal
